<Solution>
  <Folder Name="/API/">
    <Project Path="Jotanunes.API.External/Jotanunes.API.External.csproj" />
    <Project Path="Jotanunes.API.Internal/Jotanunes.API.Internal.csproj" />
    <Project Path="Jotanunes.API.Shared/Jotanunes.API.Shared.csproj" />
  </Folder>
  <Folder Name="/ASPIRE/">
    <Project Path="Jotanunes.AppHost/Jotanunes.AppHost.csproj" />
  </Folder>
  <Folder Name="/DOMAIN/">
    <Project Path="Jotanunes.Application/Jotanunes.Application.csproj" />
    <Project Path="Jotanunes.Domain/Jotanunes.Domain.csproj" />
  </Folder>
  <Folder Name="/INFRA/">
    <Project Path="Jotanunes.Infra.Data/Jotanunes.Infra.Data.csproj" />
    <Project Path="Jotanunes.Infra.DocumentAi/Jotanunes.Infra.DocumentAi.csproj" />
    <Project Path="Jotanunes.Infra.Email/Jotanunes.Infra.Email.csproj" />
    <Project Path="Jotanunes.Infra.IoC/Jotanunes.Infra.IoC.csproj" />
    <Project Path="Jotanunes.Infra.Security/Jotanunes.Infra.Security.csproj" />
    <Project Path="Jotanunes.Infra.Storage/Jotanunes.Infra.Storage.csproj" />
  </Folder>
  <Folder Name="/TESTS/">
    <Project Path="Jotanunes.External.BddTests/Jotanunes.External.BddTests.csproj" />
    <Project Path="Jotanunes.Internal.BddTests/Jotanunes.Internal.BddTests.csproj" />
    <Project Path="Jotanunes.Tests/Jotanunes.Tests.csproj" />
  </Folder>
</Solution>
